
Microsoft Visual Studio Solution File, Format Version 12.00
# Visual Studio Version 17
VisualStudioVersion = 17.0.31903.59
MinimumVisualStudioVersion = 10.0.40219.1
Project("{2150E333-8FDC-42A3-9474-1A3956D46DE8}") = "Doc", "Doc", "{3C83B8DB-FD73-47C8-8161-698CCE5711E8}"
	ProjectSection(SolutionItems) = preProject
		Doc\README.md = Doc\README.md
	EndProjectSection
EndProject
Project("{2150E333-8FDC-42A3-9474-1A3956D46DE8}") = "Api", "Api", "{85A6DB72-DB7D-4FC5-95CB-41A29CFA2ADB}"
EndProject
Project("{2150E333-8FDC-42A3-9474-1A3956D46DE8}") = "Config", "Config", "{951135B4-63A9-4685-BC3B-25A87084D38D}"
	ProjectSection(SolutionItems) = preProject
		Config\appsettings.json = Config\appsettings.json
	EndProjectSection
EndProject
Project("{2150E333-8FDC-42A3-9474-1A3956D46DE8}") = "PlatformCore", "PlatformCore", "{7CB3A6BC-9FBC-44D9-ADCF-74A3639D98C6}"
EndProject
Project("{2150E333-8FDC-42A3-9474-1A3956D46DE8}") = "BL", "BL", "{1995E4A2-B300-42F0-9E28-C155D42B9495}"
EndProject
Project("{2150E333-8FDC-42A3-9474-1A3956D46DE8}") = "DL", "DL", "{723AD73D-6027-4B3E-A9C7-149A83D8932C}"
EndProject
Project("{2150E333-8FDC-42A3-9474-1A3956D46DE8}") = "Library", "Library", "{D779F031-A978-41AC-A70B-512CC5FF9349}"
EndProject
Project("{2150E333-8FDC-42A3-9474-1A3956D46DE8}") = "Model", "Model", "{46FF2749-9C8E-4B2A-8B7E-64AE44F9B0D2}"
EndProject
Project("{2150E333-8FDC-42A3-9474-1A3956D46DE8}") = "Service", "Service", "{0F6DB535-CAC4-438F-9A1E-C40E64D540CB}"
EndProject
Project("{2150E333-8FDC-42A3-9474-1A3956D46DE8}") = "Business", "Business", "{31F2D941-09F9-43F0-8A0E-19439458C228}"
EndProject
Project("{2150E333-8FDC-42A3-9474-1A3956D46DE8}") = "Dictionary", "Dictionary", "{7F3A2A92-E512-407B-8DEC-2546F96CB630}"
EndProject
Project("{2150E333-8FDC-42A3-9474-1A3956D46DE8}") = "Export", "Export", "{85AEC961-39DE-41A4-83F5-1C81356C86C6}"
EndProject
Project("{2150E333-8FDC-42A3-9474-1A3956D46DE8}") = "File", "File", "{AA9B97D3-A594-41A1-834C-949E2A8A8466}"
EndProject
Project("{2150E333-8FDC-42A3-9474-1A3956D46DE8}") = "Import", "Import", "{6CE68C13-1968-48B2-A5D7-22334F1A8054}"
EndProject
Project("{2150E333-8FDC-42A3-9474-1A3956D46DE8}") = "Layout", "Layout", "{E306C567-75BB-4E5F-81B3-A9AE207B22B0}"
EndProject
Project("{2150E333-8FDC-42A3-9474-1A3956D46DE8}") = "System", "System", "{A88109E5-EBE9-4E88-BDEA-AB058478A9C9}"
EndProject
Project("{9A19103F-16F7-4668-BE54-9A1E7A4F7556}") = "CMS.Dictionary.API", "Api\Service\Dictionary\CMS.Dictionary.API\CMS.Dictionary.API.csproj", "{58FE9598-B249-4535-9DF6-21AEB934D5DC}"
EndProject
Project("{9A19103F-16F7-4668-BE54-9A1E7A4F7556}") = "CMS.Core.Web", "PlatformCore\CMS.Core.Web\CMS.Core.Web.csproj", "{256AB3D0-6480-469C-B92C-AFB3D33526A2}"
EndProject
Project("{9A19103F-16F7-4668-BE54-9A1E7A4F7556}") = "Cms.Model", "Api\Model\Cms.Model\Cms.Model.csproj", "{8351064B-2DB7-437B-B286-BE7B3F616B3D}"
EndProject
Project("{9A19103F-16F7-4668-BE54-9A1E7A4F7556}") = "Cms.BL", "Api\BL\Cms.BL\Cms.BL.csproj", "{E2234559-0EC0-4172-AA62-13AD0E0B69D0}"
EndProject
Project("{9A19103F-16F7-4668-BE54-9A1E7A4F7556}") = "Cms.DL", "Api\DL\Cms.DL\Cms.DL.csproj", "{99033B33-4FAA-4ABD-BC4B-2A92FF315B69}"
EndProject
Project("{9A19103F-16F7-4668-BE54-9A1E7A4F7556}") = "Cms.Core.Common", "Api\Library\Cms.Core.Common\Cms.Core.Common.csproj", "{7804AE80-D4D5-47D1-A58C-6EC38336D73B}"
EndProject
Project("{9A19103F-16F7-4668-BE54-9A1E7A4F7556}") = "CMS.Core.Database", "PlatformCore\CMS.Core.Database\CMS.Core.Database.csproj", "{34F7C0F7-7BE7-4A7F-BDA7-AC56F72BF48B}"
EndProject
Project("{FAE04EC0-301F-11D3-BF4B-00C04F79EFBC}") = "CMS.File.API", "Api\Service\File\CMS.File.API\CMS.File.API.csproj", "{98922454-F045-4B60-A18D-576CAC8EA2F3}"
EndProject
Global
	GlobalSection(SolutionConfigurationPlatforms) = preSolution
		Debug|Any CPU = Debug|Any CPU
		Release|Any CPU = Release|Any CPU
	EndGlobalSection
	GlobalSection(ProjectConfigurationPlatforms) = postSolution
		{58FE9598-B249-4535-9DF6-21AEB934D5DC}.Debug|Any CPU.ActiveCfg = Debug|Any CPU
		{58FE9598-B249-4535-9DF6-21AEB934D5DC}.Debug|Any CPU.Build.0 = Debug|Any CPU
		{58FE9598-B249-4535-9DF6-21AEB934D5DC}.Release|Any CPU.ActiveCfg = Release|Any CPU
		{58FE9598-B249-4535-9DF6-21AEB934D5DC}.Release|Any CPU.Build.0 = Release|Any CPU
		{256AB3D0-6480-469C-B92C-AFB3D33526A2}.Debug|Any CPU.ActiveCfg = Debug|Any CPU
		{256AB3D0-6480-469C-B92C-AFB3D33526A2}.Debug|Any CPU.Build.0 = Debug|Any CPU
		{256AB3D0-6480-469C-B92C-AFB3D33526A2}.Release|Any CPU.ActiveCfg = Release|Any CPU
		{256AB3D0-6480-469C-B92C-AFB3D33526A2}.Release|Any CPU.Build.0 = Release|Any CPU
		{8351064B-2DB7-437B-B286-BE7B3F616B3D}.Debug|Any CPU.ActiveCfg = Debug|Any CPU
		{8351064B-2DB7-437B-B286-BE7B3F616B3D}.Debug|Any CPU.Build.0 = Debug|Any CPU
		{8351064B-2DB7-437B-B286-BE7B3F616B3D}.Release|Any CPU.ActiveCfg = Release|Any CPU
		{8351064B-2DB7-437B-B286-BE7B3F616B3D}.Release|Any CPU.Build.0 = Release|Any CPU
		{E2234559-0EC0-4172-AA62-13AD0E0B69D0}.Debug|Any CPU.ActiveCfg = Debug|Any CPU
		{E2234559-0EC0-4172-AA62-13AD0E0B69D0}.Debug|Any CPU.Build.0 = Debug|Any CPU
		{E2234559-0EC0-4172-AA62-13AD0E0B69D0}.Release|Any CPU.ActiveCfg = Release|Any CPU
		{E2234559-0EC0-4172-AA62-13AD0E0B69D0}.Release|Any CPU.Build.0 = Release|Any CPU
		{99033B33-4FAA-4ABD-BC4B-2A92FF315B69}.Debug|Any CPU.ActiveCfg = Debug|Any CPU
		{99033B33-4FAA-4ABD-BC4B-2A92FF315B69}.Debug|Any CPU.Build.0 = Debug|Any CPU
		{99033B33-4FAA-4ABD-BC4B-2A92FF315B69}.Release|Any CPU.ActiveCfg = Release|Any CPU
		{99033B33-4FAA-4ABD-BC4B-2A92FF315B69}.Release|Any CPU.Build.0 = Release|Any CPU
		{7804AE80-D4D5-47D1-A58C-6EC38336D73B}.Debug|Any CPU.ActiveCfg = Debug|Any CPU
		{7804AE80-D4D5-47D1-A58C-6EC38336D73B}.Debug|Any CPU.Build.0 = Debug|Any CPU
		{7804AE80-D4D5-47D1-A58C-6EC38336D73B}.Release|Any CPU.ActiveCfg = Release|Any CPU
		{7804AE80-D4D5-47D1-A58C-6EC38336D73B}.Release|Any CPU.Build.0 = Release|Any CPU
		{34F7C0F7-7BE7-4A7F-BDA7-AC56F72BF48B}.Debug|Any CPU.ActiveCfg = Debug|Any CPU
		{34F7C0F7-7BE7-4A7F-BDA7-AC56F72BF48B}.Debug|Any CPU.Build.0 = Debug|Any CPU
		{34F7C0F7-7BE7-4A7F-BDA7-AC56F72BF48B}.Release|Any CPU.ActiveCfg = Release|Any CPU
		{34F7C0F7-7BE7-4A7F-BDA7-AC56F72BF48B}.Release|Any CPU.Build.0 = Release|Any CPU
		{98922454-F045-4B60-A18D-576CAC8EA2F3}.Debug|Any CPU.ActiveCfg = Debug|Any CPU
		{98922454-F045-4B60-A18D-576CAC8EA2F3}.Debug|Any CPU.Build.0 = Debug|Any CPU
		{98922454-F045-4B60-A18D-576CAC8EA2F3}.Release|Any CPU.ActiveCfg = Release|Any CPU
		{98922454-F045-4B60-A18D-576CAC8EA2F3}.Release|Any CPU.Build.0 = Release|Any CPU
	EndGlobalSection
	GlobalSection(SolutionProperties) = preSolution
		HideSolutionNode = FALSE
	EndGlobalSection
	GlobalSection(NestedProjects) = preSolution
		{1995E4A2-B300-42F0-9E28-C155D42B9495} = {85A6DB72-DB7D-4FC5-95CB-41A29CFA2ADB}
		{723AD73D-6027-4B3E-A9C7-149A83D8932C} = {85A6DB72-DB7D-4FC5-95CB-41A29CFA2ADB}
		{D779F031-A978-41AC-A70B-512CC5FF9349} = {85A6DB72-DB7D-4FC5-95CB-41A29CFA2ADB}
		{46FF2749-9C8E-4B2A-8B7E-64AE44F9B0D2} = {85A6DB72-DB7D-4FC5-95CB-41A29CFA2ADB}
		{0F6DB535-CAC4-438F-9A1E-C40E64D540CB} = {85A6DB72-DB7D-4FC5-95CB-41A29CFA2ADB}
		{31F2D941-09F9-43F0-8A0E-19439458C228} = {0F6DB535-CAC4-438F-9A1E-C40E64D540CB}
		{7F3A2A92-E512-407B-8DEC-2546F96CB630} = {0F6DB535-CAC4-438F-9A1E-C40E64D540CB}
		{85AEC961-39DE-41A4-83F5-1C81356C86C6} = {0F6DB535-CAC4-438F-9A1E-C40E64D540CB}
		{AA9B97D3-A594-41A1-834C-949E2A8A8466} = {0F6DB535-CAC4-438F-9A1E-C40E64D540CB}
		{6CE68C13-1968-48B2-A5D7-22334F1A8054} = {0F6DB535-CAC4-438F-9A1E-C40E64D540CB}
		{E306C567-75BB-4E5F-81B3-A9AE207B22B0} = {0F6DB535-CAC4-438F-9A1E-C40E64D540CB}
		{A88109E5-EBE9-4E88-BDEA-AB058478A9C9} = {0F6DB535-CAC4-438F-9A1E-C40E64D540CB}
		{58FE9598-B249-4535-9DF6-21AEB934D5DC} = {7F3A2A92-E512-407B-8DEC-2546F96CB630}
		{256AB3D0-6480-469C-B92C-AFB3D33526A2} = {7CB3A6BC-9FBC-44D9-ADCF-74A3639D98C6}
		{8351064B-2DB7-437B-B286-BE7B3F616B3D} = {46FF2749-9C8E-4B2A-8B7E-64AE44F9B0D2}
		{E2234559-0EC0-4172-AA62-13AD0E0B69D0} = {1995E4A2-B300-42F0-9E28-C155D42B9495}
		{99033B33-4FAA-4ABD-BC4B-2A92FF315B69} = {723AD73D-6027-4B3E-A9C7-149A83D8932C}
		{7804AE80-D4D5-47D1-A58C-6EC38336D73B} = {D779F031-A978-41AC-A70B-512CC5FF9349}
		{34F7C0F7-7BE7-4A7F-BDA7-AC56F72BF48B} = {7CB3A6BC-9FBC-44D9-ADCF-74A3639D98C6}
		{98922454-F045-4B60-A18D-576CAC8EA2F3} = {AA9B97D3-A594-41A1-834C-949E2A8A8466}
	EndGlobalSection
	GlobalSection(ExtensibilityGlobals) = postSolution
		SolutionGuid = {AF05287F-B3C8-40AD-AFBD-6E64A2390B06}
	EndGlobalSection
EndGlobal
